
Microsoft Visual Studio Solution File, Format Version 12.00
# Visual Studio 15
VisualStudioVersion = 15.0.28307.757
MinimumVisualStudioVersion = 10.0.40219.1
Project("{FAE04EC0-301F-11D3-BF4B-00C04F79EFBC}") = "OOP6", "OOP6\OOP6.csproj", "{55F17355-316B-4A32-B2DD-4D95B05CB4FC}"
EndProject
Global
	GlobalSection(SolutionConfigurationPlatforms) = preSolution
		Debug|Any CPU = Debug|Any CPU
		Release|Any CPU = Release|Any CPU
	EndGlobalSection
	GlobalSection(ProjectConfigurationPlatforms) = postSolution
		{55F17355-316B-4A32-B2DD-4D95B05CB4FC}.Debug|Any CPU.ActiveCfg = Debug|Any CPU
		{55F17355-316B-4A32-B2DD-4D95B05CB4FC}.Debug|Any CPU.Build.0 = Debug|Any CPU
		{55F17355-316B-4A32-B2DD-4D95B05CB4FC}.Release|Any CPU.ActiveCfg = Release|Any CPU
		{55F17355-316B-4A32-B2DD-4D95B05CB4FC}.Release|Any CPU.Build.0 = Release|Any CPU
	EndGlobalSection
	GlobalSection(SolutionProperties) = preSolution
		HideSolutionNode = FALSE
	EndGlobalSection
	GlobalSection(ExtensibilityGlobals) = postSolution
		SolutionGuid = {6A8547E3-F1F1-44C0-BFEE-99A029DA751F}
	EndGlobalSection
EndGlobal
